# This file is automatically @generated by Cargo.
# It is not intended for manual editing.
version = 4

[[package]]
name = "tessera-engine"
version = "0.1.0"

[[package]]
name = "tessera-provider"
version = "0.1.0"
dependencies = [
 "tessera-engine",
]

[[package]]
name = "tessera-session"
version = "0.1.0"
dependencies = [
 "tessera-engine",
 "tessera-view",
]

[[package]]
name = "tessera-view"
version = "0.1.0"
